
Microsoft Visual Studio Solution File, Format Version 12.00
# Visual Studio 15
VisualStudioVersion = 15.0.28010.2050
MinimumVisualStudioVersion = 10.0.40219.1
Project("{8BC9CEB8-8B4A-11D0-8D11-00A0C91BC942}") = "spacegame", "spacegame\spacegame.vcxproj", "{EDF7BB59-B0E4-404F-B275-337023A27216}"
EndProject
Global
	GlobalSection(SolutionConfigurationPlatforms) = preSolution
		Debug|x64 = Debug|x64
		Debug|x86 = Debug|x86
		Release|x64 = Release|x64
		Release|x86 = Release|x86
	EndGlobalSection
	GlobalSection(ProjectConfigurationPlatforms) = postSolution
		{EDF7BB59-B0E4-404F-B275-337023A27216}.Debug|x64.ActiveCfg = Debug|x64
		{EDF7BB59-B0E4-404F-B275-337023A27216}.Debug|x64.Build.0 = Debug|x64
		{EDF7BB59-B0E4-404F-B275-337023A27216}.Debug|x86.ActiveCfg = Debug|Win32
		{EDF7BB59-B0E4-404F-B275-337023A27216}.Debug|x86.Build.0 = Debug|Win32
		{EDF7BB59-B0E4-404F-B275-337023A27216}.Release|x64.ActiveCfg = Release|x64
		{EDF7BB59-B0E4-404F-B275-337023A27216}.Release|x64.Build.0 = Release|x64
		{EDF7BB59-B0E4-404F-B275-337023A27216}.Release|x86.ActiveCfg = Release|Win32
		{EDF7BB59-B0E4-404F-B275-337023A27216}.Release|x86.Build.0 = Release|Win32
	EndGlobalSection
	GlobalSection(SolutionProperties) = preSolution
		HideSolutionNode = FALSE
	EndGlobalSection
	GlobalSection(ExtensibilityGlobals) = postSolution
		SolutionGuid = {1C7C4FDF-8439-4560-9259-49CE3CFE82FB}
	EndGlobalSection
EndGlobal
